
Microsoft Visual Studio Solution File, Format Version 12.00
# Visual Studio Version 16
VisualStudioVersion = 25.0.1704.0
MinimumVisualStudioVersion = 10.0.40219.1
Project("{FAE04EC0-301F-11D3-BF4B-00C04F79EFBC}") = "EliteWeb", "EliteWeb\EliteWeb.csproj", "{2C268B72-6915-481F-8655-631053F94043}"
EndProject
Global
	GlobalSection(SolutionConfigurationPlatforms) = preSolution
		Debug|Any CPU = Debug|Any CPU
		Release|Any CPU = Release|Any CPU
	EndGlobalSection
	GlobalSection(ProjectConfigurationPlatforms) = postSolution
		{2C268B72-6915-481F-8655-631053F94043}.Debug|Any CPU.ActiveCfg = Debug|Any CPU
		{2C268B72-6915-481F-8655-631053F94043}.Debug|Any CPU.Build.0 = Debug|Any CPU
		{2C268B72-6915-481F-8655-631053F94043}.Release|Any CPU.ActiveCfg = Release|Any CPU
		{2C268B72-6915-481F-8655-631053F94043}.Release|Any CPU.Build.0 = Release|Any CPU
	EndGlobalSection
	GlobalSection(SolutionProperties) = preSolution
		HideSolutionNode = FALSE
	EndGlobalSection
	GlobalSection(ExtensibilityGlobals) = postSolution
		SolutionGuid = {3433FCA6-22DD-4413-B8E1-E003E22E7BB2}
	EndGlobalSection
EndGlobal
